schema_version: 1
compiler_version: semantic-pack/0.2.2
source:
  path: utterance-engine/config/bpmn-semantic-pack.yaml
  sha256: 4764ffb9a402d910abd635d5c4c1a21512107c600dbf60c12aee95b362dd0d68
pack:
  id: bpmn.designer
  version: 1.0.0
  canonicalization_version: 1
  artifact_sha256: c3dd92720bb671729970c6ef3530b79572c6b8bdd8be2b4d548f8717e5fa0d2a
dependencies: []
adapter_bindings:
  - bpmn.designer.op.append_node
  - bpmn.designer.op.attach_guard
  - bpmn.designer.op.attach_rearming_guard
  - bpmn.designer.op.attach_rollback_guard
  - bpmn.designer.op.call_subprocess
  - bpmn.designer.op.close_parallel_region
  - bpmn.designer.op.connect
  - bpmn.designer.op.create_branch
  - bpmn.designer.op.create_inclusive_region
  - bpmn.designer.op.create_multi_instance_region
  - bpmn.designer.op.create_parallel_region
  - bpmn.designer.op.create_race
  - bpmn.designer.op.delete_subgraph
  - bpmn.designer.op.insert_after
  - bpmn.designer.op.insert_before
  - bpmn.designer.op.replace_node
  - bpmn.designer.op.set_correlation_source
  - bpmn.designer.op.set_guard_budget
  - bpmn.designer.op.set_guard_trigger
  - bpmn.designer.prod.call_durable_subprocess
  - bpmn.designer.prod.human_review_with_rework
  - bpmn.designer.prod.interrupting_timeout
  - bpmn.designer.prod.non_interrupting_notification
  - bpmn.designer.prod.reminder_then_escalate
  - bpmn.designer.prod.request_and_wait
  - bpmn.designer.prod.timer_message_race
